PODS:
  - Flutter (1.0.0)
  - flutter_inappwebview (0.0.1):
    - Flutter
    - flutter_inappwebview/Core (= 0.0.1)
    - OrderedSet (~> 5.0)
  - flutter_inappwebview/Core (0.0.1):
    - Flutter
    - OrderedSet (~> 5.0)
  - flutter_secure_storage (6.0.0):
    - Flutter
  - FMDB (2.7.5):
    - FMDB/standard (= 2.7.5)
  - FMDB/standard (2.7.5)
  - local_auth_ios (0.0.1):
    - Flutter
  - OrderedSet (5.0.0)
  - passkeys_ios (0.0.1):
    - Flutter
  - path_provider_foundation (0.0.1):
    - Flutter
    - FlutterMacOS
  - sqflite (0.0.3):
    - Flutter
    - FMDB (>= 2.7.5)
  - ua_client_hints (1.2.0):
    - Flutter

DEPENDENCIES:
  - Flutter (from `Flutter`)
  - flutter_inappwebview (from `.symlinks/plugins/flutter_inappwebview/ios`)
  - flutter_secure_storage (from `.symlinks/plugins/flutter_secure_storage/ios`)
  - local_auth_ios (from `.symlinks/plugins/local_auth_ios/ios`)
  - passkeys_ios (from `.symlinks/plugins/passkeys_ios/ios`)
  - path_provider_foundation (from `.symlinks/plugins/path_provider_foundation/darwin`)
  - sqflite (from `.symlinks/plugins/sqflite/ios`)
  - ua_client_hints (from `.symlinks/plugins/ua_client_hints/ios`)

SPEC REPOS:
  trunk:
    - FMDB
    - OrderedSet

EXTERNAL SOURCES:
  Flutter:
    :path: Flutter
  flutter_inappwebview:
    :path: ".symlinks/plugins/flutter_inappwebview/ios"
  flutter_secure_storage:
    :path: ".symlinks/plugins/flutter_secure_storage/ios"
  local_auth_ios:
    :path: ".symlinks/plugins/local_auth_ios/ios"
  passkeys_ios:
    :path: ".symlinks/plugins/passkeys_ios/ios"
  path_provider_foundation:
    :path: ".symlinks/plugins/path_provider_foundation/darwin"
  sqflite:
    :path: ".symlinks/plugins/sqflite/ios"
  ua_client_hints:
    :path: ".symlinks/plugins/ua_client_hints/ios"

SPEC CHECKSUMS:
  Flutter: e0871f40cf51350855a761d2e70bf5af5b9b5de7
  flutter_inappwebview: 3d32228f1304635e7c028b0d4252937730bbc6cf
  flutter_secure_storage: 23fc622d89d073675f2eaa109381aefbcf5a49be
  FMDB: 2ce00b547f966261cd18927a3ddb07cb6f3db82a
  local_auth_ios: 1ba1475238daa33a6ffa2a29242558437be435ac
  OrderedSet: aaeb196f7fef5a9edf55d89760da9176ad40b93c
  passkeys_ios: fdae8c06e2178a9fcb9261a6cb21fb9a06a81d53
  path_provider_foundation: 3784922295ac71e43754bd15e0653ccfd36a147c
  sqflite: 31f7eba61e3074736dff8807a9b41581e4f7f15a
  ua_client_hints: 5887fe166a59d944cbade5eb84d60c4e417b4f55

PODFILE CHECKSUM: 819463e6a0290f5a72f145ba7cde16e8b6ef0796

COCOAPODS: 1.15.2
