PODS:
  - Flutter (1.0.0)
  - flutter_inappwebview (0.0.1):
    - Flutter
    - flutter_inappwebview/Core (= 0.0.1)
    - OrderedSet (~> 5.0)
  - flutter_inappwebview/Core (0.0.1):
    - Flutter
    - OrderedSet (~> 5.0)
  - flutter_secure_storage (6.0.0):
    - Flutter
  - local_auth_darwin (0.0.1):
    - Flutter
  - local_auth_ios (0.0.1):
    - Flutter
  - OrderedSet (5.0.0)
  - passkeys_ios (0.0.1):
    - Flutter
  - path_provider_foundation (0.0.1):
    - Flutter
    - FlutterMacOS
  - sqflite (0.0.3):
    - Flutter
    - FlutterMacOS
  - ua_client_hints (1.2.2):
    - Flutter

DEPENDENCIES:
  - Flutter (from `Flutter`)
  - flutter_inappwebview (from `.symlinks/plugins/flutter_inappwebview/ios`)
  - flutter_secure_storage (from `.symlinks/plugins/flutter_secure_storage/ios`)
  - local_auth_darwin (from `.symlinks/plugins/local_auth_darwin/darwin`)
  - local_auth_ios (from `.symlinks/plugins/local_auth_ios/ios`)
  - passkeys_ios (from `.symlinks/plugins/passkeys_ios/ios`)
  - path_provider_foundation (from `.symlinks/plugins/path_provider_foundation/darwin`)
  - sqflite (from `.symlinks/plugins/sqflite/darwin`)
  - ua_client_hints (from `.symlinks/plugins/ua_client_hints/ios`)

SPEC REPOS:
  trunk:
    - OrderedSet

EXTERNAL SOURCES:
  Flutter:
    :path: Flutter
  flutter_inappwebview:
    :path: ".symlinks/plugins/flutter_inappwebview/ios"
  flutter_secure_storage:
    :path: ".symlinks/plugins/flutter_secure_storage/ios"
  local_auth_darwin:
    :path: ".symlinks/plugins/local_auth_darwin/darwin"
  local_auth_ios:
    :path: ".symlinks/plugins/local_auth_ios/ios"
  passkeys_ios:
    :path: ".symlinks/plugins/passkeys_ios/ios"
  path_provider_foundation:
    :path: ".symlinks/plugins/path_provider_foundation/darwin"
  sqflite:
    :path: ".symlinks/plugins/sqflite/darwin"
  ua_client_hints:
    :path: ".symlinks/plugins/ua_client_hints/ios"

SPEC CHECKSUMS:
  Flutter: e0871f40cf51350855a761d2e70bf5af5b9b5de7
  flutter_inappwebview: 3d32228f1304635e7c028b0d4252937730bbc6cf
  flutter_secure_storage: 23fc622d89d073675f2eaa109381aefbcf5a49be
  local_auth_darwin: c7e464000a6a89e952235699e32b329457608d98
  local_auth_ios: 5046a18c018dd973247a0564496c8898dbb5adf9
  OrderedSet: aaeb196f7fef5a9edf55d89760da9176ad40b93c
  passkeys_ios: fdae8c06e2178a9fcb9261a6cb21fb9a06a81d53
  path_provider_foundation: 3784922295ac71e43754bd15e0653ccfd36a147c
  sqflite: 673a0e54cc04b7d6dba8d24fb8095b31c3a99eec
  ua_client_hints: 7f4e0f5d390685e8f7efd6eb363594f760108926

PODFILE CHECKSUM: 819463e6a0290f5a72f145ba7cde16e8b6ef0796

COCOAPODS: 1.15.2
